
Microsoft Visual Studio Solution File, Format Version 12.00
# Visual Studio Version 17
VisualStudioVersion = 17.5.33424.131
MinimumVisualStudioVersion = 10.0.40219.1
Project("{FAE04EC0-301F-11D3-BF4B-00C04F79EFBC}") = "webapp1one", "webapp1one\webapp1one.csproj", "{9D7BED7A-F294-4F96-8B5F-F570DFA84493}"
EndProject
Global
	GlobalSection(SolutionConfigurationPlatforms) = preSolution
		Debug|Any CPU = Debug|Any CPU
		Release|Any CPU = Release|Any CPU
	EndGlobalSection
	GlobalSection(ProjectConfigurationPlatforms) = postSolution
		{9D7BED7A-F294-4F96-8B5F-F570DFA84493}.Debug|Any CPU.ActiveCfg = Debug|Any CPU
		{9D7BED7A-F294-4F96-8B5F-F570DFA84493}.Debug|Any CPU.Build.0 = Debug|Any CPU
		{9D7BED7A-F294-4F96-8B5F-F570DFA84493}.Release|Any CPU.ActiveCfg = Release|Any CPU
		{9D7BED7A-F294-4F96-8B5F-F570DFA84493}.Release|Any CPU.Build.0 = Release|Any CPU
	EndGlobalSection
	GlobalSection(SolutionProperties) = preSolution
		HideSolutionNode = FALSE
	EndGlobalSection
	GlobalSection(ExtensibilityGlobals) = postSolution
		SolutionGuid = {14C23AC3-C8B4-4B5C-BD7C-63F398296654}
	EndGlobalSection
EndGlobal
